# THIS IS AN AUTOGENERATED FILE. DO NOT EDIT THIS FILE DIRECTLY.
# yarn lockfile v1


asn1-ber@*:
  version "1.0.9"
  resolved "https://registry.yarnpkg.com/asn1-ber/-/asn1-ber-1.0.9.tgz#0f48f709d9f9a953e18cfe2b8a62a6c926c5451a"

net-snmp@^1.2.4:
  version "1.2.4"
  resolved "https://registry.yarnpkg.com/net-snmp/-/net-snmp-1.2.4.tgz#9db6dd9338e24a1eff0ce2cdb530ee77c1c9fd61"
  dependencies:
    asn1-ber "*"

typescript@^2.9.2:
  version "2.9.2"
  resolved "https://registry.yarnpkg.com/typescript/-/typescript-2.9.2.tgz#1cbf61d05d6b96269244eb6a3bce4bd914e0f00c"
